
Microsoft Visual Studio Solution File, Format Version 12.00
# Visual Studio Version 17
VisualStudioVersion = 17.4.33205.214
MinimumVisualStudioVersion = 10.0.40219.1
Project("{FAE04EC0-301F-11D3-BF4B-00C04F79EFBC}") = "ToDoListAPI", "ToDoListAPI\ToDoListAPI.csproj", "{91053885-4830-4A00-BA54-9EFE3280CE38}"
EndProject
Global
	GlobalSection(SolutionConfigurationPlatforms) = preSolution
		Debug|Any CPU = Debug|Any CPU
		Release|Any CPU = Release|Any CPU
	EndGlobalSection
	GlobalSection(ProjectConfigurationPlatforms) = postSolution
		{91053885-4830-4A00-BA54-9EFE3280CE38}.Debug|Any CPU.ActiveCfg = Debug|Any CPU
		{91053885-4830-4A00-BA54-9EFE3280CE38}.Debug|Any CPU.Build.0 = Debug|Any CPU
		{91053885-4830-4A00-BA54-9EFE3280CE38}.Release|Any CPU.ActiveCfg = Release|Any CPU
		{91053885-4830-4A00-BA54-9EFE3280CE38}.Release|Any CPU.Build.0 = Release|Any CPU
	EndGlobalSection
	GlobalSection(SolutionProperties) = preSolution
		HideSolutionNode = FALSE
	EndGlobalSection
	GlobalSection(ExtensibilityGlobals) = postSolution
		SolutionGuid = {B0FA9274-3DF0-4D0A-B34A-932E303730AC}
	EndGlobalSection
EndGlobal
